<?xml version="1.0" encoding="utf-8"?>
<Project ToolsVersion="4.0" xmlns="http://schemas.microsoft.com/developer/msbuild/2003">
  <ItemGroup>
    <Filter Include="detail">
      <UniqueIdentifier>{f142b5b5-e341-4e8d-b917-2bece25211cc}</UniqueIdentifier>
    </Filter>
  </ItemGroup>
  <ItemGroup>
    <ClInclude Include="..\..\src\raft\raft.hpp" />
    <ClInclude Include="..\..\src\raft\detail\committer.hpp">
      <Filter>detail</Filter>
    </ClInclude>
    <ClInclude Include="..\..\src\raft\detail\detail.hpp">
      <Filter>detail</Filter>
    </ClInclude>
    <ClInclude Include="..\..\src\raft\detail\endec.hpp">
      <Filter>detail</Filter>
    </ClInclude>
    <ClInclude Include="..\..\src\raft\detail\filelog.hpp">
      <Filter>detail</Filter>
    </ClInclude>
    <ClInclude Include="..\..\src\raft\detail\functors.hpp">
      <Filter>detail</Filter>
    </ClInclude>
    <ClInclude Include="..\..\src\raft\detail\macros.hpp">
      <Filter>detail</Filter>
    </ClInclude>
    <ClInclude Include="..\..\src\raft\detail\metadata.hpp">
      <Filter>detail</Filter>
    </ClInclude>
    <ClInclude Include="..\..\src\raft\detail\raft_configuration.hpp">
      <Filter>detail</Filter>
    </ClInclude>
    <ClInclude Include="..\..\src\raft\detail\raft_peer.hpp">
      <Filter>detail</Filter>
    </ClInclude>
    <ClInclude Include="..\..\src\raft\detail\raft_proto.hpp">
      <Filter>detail</Filter>
    </ClInclude>
    <ClInclude Include="..\..\src\raft\detail\snapshot.hpp">
      <Filter>detail</Filter>
    </ClInclude>
    <ClInclude Include="..\..\src\raft\detail\timer.hpp">
      <Filter>detail</Filter>
    </ClInclude>
    <ClInclude Include="..\..\src\raft\detail\utils.hpp">
      <Filter>detail</Filter>
    </ClInclude>
  </ItemGroup>
  <ItemGroup>
    <ClCompile Include="..\..\src\raft\raft.cpp" />
  </ItemGroup>
</Project>